
Microsoft Visual Studio Solution File, Format Version 12.00
# Visual Studio 2012
Project("{FAE04EC0-301F-11D3-BF4B-00C04F79EFBC}") = "MvcApplication1", "MvcApplication1\MvcApplication1.csproj", "{A23C94BE-9870-48D4-B207-3E499F930895}"
EndProject
Project("{FAE04EC0-301F-11D3-BF4B-00C04F79EFBC}") = "SohalSolutions.Tests", "SohalSolutions.Tests\SohalSolutions.Tests.csproj", "{C4FD1291-0DC0-4D59-9A30-147EC9A77026}"
EndProject
Global
	GlobalSection(SolutionConfigurationPlatforms) = preSolution
		Debug|Any CPU = Debug|Any CPU
		Release|Any CPU = Release|Any CPU
	EndGlobalSection
	GlobalSection(ProjectConfigurationPlatforms) = postSolution
		{A23C94BE-9870-48D4-B207-3E499F930895}.Debug|Any CPU.ActiveCfg = Debug|Any CPU
		{A23C94BE-9870-48D4-B207-3E499F930895}.Debug|Any CPU.Build.0 = Debug|Any CPU
		{A23C94BE-9870-48D4-B207-3E499F930895}.Release|Any CPU.ActiveCfg = Release|Any CPU
		{A23C94BE-9870-48D4-B207-3E499F930895}.Release|Any CPU.Build.0 = Release|Any CPU
		{C4FD1291-0DC0-4D59-9A30-147EC9A77026}.Debug|Any CPU.ActiveCfg = Debug|Any CPU
		{C4FD1291-0DC0-4D59-9A30-147EC9A77026}.Debug|Any CPU.Build.0 = Debug|Any CPU
		{C4FD1291-0DC0-4D59-9A30-147EC9A77026}.Release|Any CPU.ActiveCfg = Release|Any CPU
		{C4FD1291-0DC0-4D59-9A30-147EC9A77026}.Release|Any CPU.Build.0 = Release|Any CPU
	EndGlobalSection
	GlobalSection(SolutionProperties) = preSolution
		HideSolutionNode = FALSE
	EndGlobalSection
EndGlobal
